
Microsoft Visual Studio Solution File, Format Version 12.00
# Visual Studio Version 17
VisualStudioVersion = 17.0.32126.317
MinimumVisualStudioVersion = 10.0.40219.1
Project("{2150E333-8FDC-42A3-9474-1A3956D46DE8}") = "Microservices", "Microservices", "{2337F546-B056-4710-BDB4-A63686894FC3}"
EndProject
Project("{9A19103F-16F7-4668-BE54-9A1E7A4F7556}") = "API.Gateway", "API.Gateway\API.Gateway.csproj", "{71AF9DE5-C26B-43A8-A2B9-A3884B25F137}"
EndProject
Project("{2150E333-8FDC-42A3-9474-1A3956D46DE8}") = "AuthenticationService", "AuthenticationService", "{C7432413-77C0-4C79-B572-E49A2072EF72}"
EndProject
Project("{2150E333-8FDC-42A3-9474-1A3956D46DE8}") = "LogHandler", "LogHandler", "{4AACD133-9A8F-4E2D-ABC1-89A7EB191CC6}"
EndProject
Project("{9A19103F-16F7-4668-BE54-9A1E7A4F7556}") = "LogHandler.Microservice", "LogHandler.Microservice\LogHandler.Microservice.csproj", "{BDB33417-D8CC-4BC1-915E-13AF799F02A9}"
EndProject
Project("{9A19103F-16F7-4668-BE54-9A1E7A4F7556}") = "LogHandler.Microservice.Tests", "LogHandler.Microservice.Tests\LogHandler.Microservice.Tests.csproj", "{8AFDDA22-36E9-4E29-A6A5-1B29C638E4F5}"
EndProject
Project("{9A19103F-16F7-4668-BE54-9A1E7A4F7556}") = "LogHandler.WebApplicationSender", "LogHandler.WebApplicationSender\LogHandler.WebApplicationSender.csproj", "{738A2FCA-32D0-4393-9615-7CAE664F5078}"
EndProject
Project("{2150E333-8FDC-42A3-9474-1A3956D46DE8}") = "ObjectHandler", "ObjectHandler", "{A6EAE81F-B640-42DC-8D16-88734A6EE789}"
EndProject
Project("{9A19103F-16F7-4668-BE54-9A1E7A4F7556}") = "ObjectHandler.Microservice", "ObjectHandler.Microservice\ObjectHandler.Microservice.csproj", "{7DE6FFD2-4FA5-46E6-9C24-82676D98A088}"
EndProject
Project("{9A19103F-16F7-4668-BE54-9A1E7A4F7556}") = "ObjectHandler.Microservice.Test", "ObjectHandler.Microservice.Test\ObjectHandler.Microservice.Test.csproj", "{AD693A7E-CD7E-4D64-9F58-0451D237B825}"
EndProject
Project("{2150E333-8FDC-42A3-9474-1A3956D46DE8}") = "Solution Items", "Solution Items", "{CAD4F7CF-7157-428F-9B6A-A8A6C4C783D5}"
	ProjectSection(SolutionItems) = preProject
		docker-compose.yml = docker-compose.yml
	EndProjectSection
EndProject
Project("{2150E333-8FDC-42A3-9474-1A3956D46DE8}") = "SynchronizationService", "SynchronizationService", "{2E3FEECA-78B6-463E-8A35-AA30A94F9D75}"
EndProject
Project("{9A19103F-16F7-4668-BE54-9A1E7A4F7556}") = "SynchronizationService.Core.API", "SynchronizationService.Core.API\SynchronizationService.Core.API.csproj", "{4155E476-B15D-4ED8-889E-9E2EADD82E4F}"
EndProject
Project("{9A19103F-16F7-4668-BE54-9A1E7A4F7556}") = "SynchronizationService.DataLayer", "SynchronizationService.DataLayer\SynchronizationService.DataLayer.csproj", "{51E3EFA5-4F21-45B8-ABF0-D246DEF26A6E}"
EndProject
Project("{9A19103F-16F7-4668-BE54-9A1E7A4F7556}") = "SynchronizationService.API", "SynchronizationService.API\SynchronizationService.API.csproj", "{DDD0CFC8-E88F-4BAD-A631-C0A95B312DA7}"
EndProject
Project("{9A19103F-16F7-4668-BE54-9A1E7A4F7556}") = "AuthenticationService.Core.API", "AuthenticationService.Core.API\AuthenticationService.Core.API.csproj", "{6C2A962C-9F0E-43B9-95EA-E8BA1C6448FC}"
EndProject
Project("{9A19103F-16F7-4668-BE54-9A1E7A4F7556}") = "AuthenticationService.DataLayer", "AuthenticationService.DataLayer\AuthenticationService.DataLayer.csproj", "{3E9AA425-4EA7-4C60-9E76-59C40CB34E65}"
EndProject
Project("{9A19103F-16F7-4668-BE54-9A1E7A4F7556}") = "AuthenticationService.API", "AuthenticationService.API\AuthenticationService.API.csproj", "{D8450F83-CD17-411C-B24B-89BA6ADC8830}"
EndProject
Project("{9A19103F-16F7-4668-BE54-9A1E7A4F7556}") = "GroupingService.Api", "GroupingService.Api\GroupingService.Api.csproj", "{1DC77768-F914-4788-B4DA-8C2F4AE76B3A}"
EndProject
Project("{2150E333-8FDC-42A3-9474-1A3956D46DE8}") = "GroupingService", "GroupingService", "{DEB90CEE-0BCB-46D8-BD64-FA06177C292E}"
EndProject
Project("{9A19103F-16F7-4668-BE54-9A1E7A4F7556}") = "GroupingService.Core.Api", "GroupingService.Core.Api\GroupingService.Core.Api.csproj", "{398C3C1B-CB46-40DC-B486-675DE8617D05}"
EndProject
Project("{9A19103F-16F7-4668-BE54-9A1E7A4F7556}") = "GroupingService.DataAccessLayer", "GroupingService.DataAccessLayer\GroupingService.DataAccessLayer.csproj", "{F07B02C1-AB79-4C0B-8443-9B850FD22B62}"
EndProject
Project("{9A19103F-16F7-4668-BE54-9A1E7A4F7556}") = "GroupingService.Core.Api.Test", "GroupingService.Core.Api.Test\GroupingService.Core.Api.Test.csproj", "{4341ED65-C16F-492C-B274-5D097438A031}"
EndProject
Project("{2150E333-8FDC-42A3-9474-1A3956D46DE8}") = "LogService", "LogService", "{DA3FB718-B95E-4B50-AE39-51875E812CB0}"
EndProject
Project("{9A19103F-16F7-4668-BE54-9A1E7A4F7556}") = "LogService.Core.Api.Test", "LogService.Core.Api.Test\LogService.Core.Api.Test.csproj", "{66865DDB-38EA-4074-81B5-C0ECDD0381F4}"
EndProject
Project("{9A19103F-16F7-4668-BE54-9A1E7A4F7556}") = "LogService.Core.Api", "LogService.Core.Api\LogService.Core.Api.csproj", "{0AA0C3EC-5C22-43A8-9697-7F710317927C}"
EndProject
Project("{9A19103F-16F7-4668-BE54-9A1E7A4F7556}") = "LogService.DataAccessLayer", "LogService.DataAccessLayer\LogService.DataAccessLayer.csproj", "{1EFFD879-9529-4959-B755-70E631C253E3}"
EndProject
Project("{9A19103F-16F7-4668-BE54-9A1E7A4F7556}") = "LogService.Api", "LogService.Api\LogService.Api.csproj", "{90606130-73C9-4BA7-94CF-A80B834ECD6B}"
EndProject
Project("{9A19103F-16F7-4668-BE54-9A1E7A4F7556}") = "FeedbackService.API", "FeedbackService.API\FeedbackService.API.csproj", "{D989867B-8E45-4958-89CD-E3530ECFCC16}"
EndProject
Project("{2150E333-8FDC-42A3-9474-1A3956D46DE8}") = "FeedbackService", "FeedbackService", "{6538F367-4B9F-484A-A3CD-0C2BCE1F9DA6}"
EndProject
Project("{9A19103F-16F7-4668-BE54-9A1E7A4F7556}") = "FeedbackService.Api.Core", "FeedbackService.Api.Core\FeedbackService.Api.Core.csproj", "{BEA77D40-46E0-45F4-8905-AA2AAE735FF4}"
EndProject
Project("{9A19103F-16F7-4668-BE54-9A1E7A4F7556}") = "FeedbackService.DAL", "FeedbackService.DAL\FeedbackService.DAL.csproj", "{7B4B7A9B-3110-47E6-B313-48A2C10C0346}"
EndProject
Project("{9A19103F-16F7-4668-BE54-9A1E7A4F7556}") = "FeedbackService.Api.Core.Test", "FeedbackService.Api.Core.Test\FeedbackService.Api.Core.Test.csproj", "{9C20DC5E-259D-4FA5-B2E7-C87D11C5909A}"
EndProject
Global
	GlobalSection(SolutionConfigurationPlatforms) = preSolution
		Debug|Any CPU = Debug|Any CPU
		Release|Any CPU = Release|Any CPU
	EndGlobalSection
	GlobalSection(ProjectConfigurationPlatforms) = postSolution
		{71AF9DE5-C26B-43A8-A2B9-A3884B25F137}.Debug|Any CPU.ActiveCfg = Debug|Any CPU
		{71AF9DE5-C26B-43A8-A2B9-A3884B25F137}.Debug|Any CPU.Build.0 = Debug|Any CPU
		{71AF9DE5-C26B-43A8-A2B9-A3884B25F137}.Release|Any CPU.ActiveCfg = Release|Any CPU
		{71AF9DE5-C26B-43A8-A2B9-A3884B25F137}.Release|Any CPU.Build.0 = Release|Any CPU
		{BDB33417-D8CC-4BC1-915E-13AF799F02A9}.Debug|Any CPU.ActiveCfg = Debug|Any CPU
		{BDB33417-D8CC-4BC1-915E-13AF799F02A9}.Debug|Any CPU.Build.0 = Debug|Any CPU
		{BDB33417-D8CC-4BC1-915E-13AF799F02A9}.Release|Any CPU.ActiveCfg = Release|Any CPU
		{BDB33417-D8CC-4BC1-915E-13AF799F02A9}.Release|Any CPU.Build.0 = Release|Any CPU
		{8AFDDA22-36E9-4E29-A6A5-1B29C638E4F5}.Debug|Any CPU.ActiveCfg = Debug|Any CPU
		{8AFDDA22-36E9-4E29-A6A5-1B29C638E4F5}.Debug|Any CPU.Build.0 = Debug|Any CPU
		{8AFDDA22-36E9-4E29-A6A5-1B29C638E4F5}.Release|Any CPU.ActiveCfg = Release|Any CPU
		{8AFDDA22-36E9-4E29-A6A5-1B29C638E4F5}.Release|Any CPU.Build.0 = Release|Any CPU
		{738A2FCA-32D0-4393-9615-7CAE664F5078}.Debug|Any CPU.ActiveCfg = Debug|Any CPU
		{738A2FCA-32D0-4393-9615-7CAE664F5078}.Debug|Any CPU.Build.0 = Debug|Any CPU
		{738A2FCA-32D0-4393-9615-7CAE664F5078}.Release|Any CPU.ActiveCfg = Release|Any CPU
		{738A2FCA-32D0-4393-9615-7CAE664F5078}.Release|Any CPU.Build.0 = Release|Any CPU
		{7DE6FFD2-4FA5-46E6-9C24-82676D98A088}.Debug|Any CPU.ActiveCfg = Debug|Any CPU
		{7DE6FFD2-4FA5-46E6-9C24-82676D98A088}.Debug|Any CPU.Build.0 = Debug|Any CPU
		{7DE6FFD2-4FA5-46E6-9C24-82676D98A088}.Release|Any CPU.ActiveCfg = Release|Any CPU
		{7DE6FFD2-4FA5-46E6-9C24-82676D98A088}.Release|Any CPU.Build.0 = Release|Any CPU
		{AD693A7E-CD7E-4D64-9F58-0451D237B825}.Debug|Any CPU.ActiveCfg = Debug|Any CPU
		{AD693A7E-CD7E-4D64-9F58-0451D237B825}.Debug|Any CPU.Build.0 = Debug|Any CPU
		{AD693A7E-CD7E-4D64-9F58-0451D237B825}.Release|Any CPU.ActiveCfg = Release|Any CPU
		{AD693A7E-CD7E-4D64-9F58-0451D237B825}.Release|Any CPU.Build.0 = Release|Any CPU
		{4155E476-B15D-4ED8-889E-9E2EADD82E4F}.Debug|Any CPU.ActiveCfg = Debug|Any CPU
		{4155E476-B15D-4ED8-889E-9E2EADD82E4F}.Debug|Any CPU.Build.0 = Debug|Any CPU
		{4155E476-B15D-4ED8-889E-9E2EADD82E4F}.Release|Any CPU.ActiveCfg = Release|Any CPU
		{4155E476-B15D-4ED8-889E-9E2EADD82E4F}.Release|Any CPU.Build.0 = Release|Any CPU
		{51E3EFA5-4F21-45B8-ABF0-D246DEF26A6E}.Debug|Any CPU.ActiveCfg = Debug|Any CPU
		{51E3EFA5-4F21-45B8-ABF0-D246DEF26A6E}.Debug|Any CPU.Build.0 = Debug|Any CPU
		{51E3EFA5-4F21-45B8-ABF0-D246DEF26A6E}.Release|Any CPU.ActiveCfg = Release|Any CPU
		{51E3EFA5-4F21-45B8-ABF0-D246DEF26A6E}.Release|Any CPU.Build.0 = Release|Any CPU
		{DDD0CFC8-E88F-4BAD-A631-C0A95B312DA7}.Debug|Any CPU.ActiveCfg = Debug|Any CPU
		{DDD0CFC8-E88F-4BAD-A631-C0A95B312DA7}.Debug|Any CPU.Build.0 = Debug|Any CPU
		{DDD0CFC8-E88F-4BAD-A631-C0A95B312DA7}.Release|Any CPU.ActiveCfg = Release|Any CPU
		{DDD0CFC8-E88F-4BAD-A631-C0A95B312DA7}.Release|Any CPU.Build.0 = Release|Any CPU
		{6C2A962C-9F0E-43B9-95EA-E8BA1C6448FC}.Debug|Any CPU.ActiveCfg = Debug|Any CPU
		{6C2A962C-9F0E-43B9-95EA-E8BA1C6448FC}.Debug|Any CPU.Build.0 = Debug|Any CPU
		{6C2A962C-9F0E-43B9-95EA-E8BA1C6448FC}.Release|Any CPU.ActiveCfg = Release|Any CPU
		{6C2A962C-9F0E-43B9-95EA-E8BA1C6448FC}.Release|Any CPU.Build.0 = Release|Any CPU
		{3E9AA425-4EA7-4C60-9E76-59C40CB34E65}.Debug|Any CPU.ActiveCfg = Debug|Any CPU
		{3E9AA425-4EA7-4C60-9E76-59C40CB34E65}.Debug|Any CPU.Build.0 = Debug|Any CPU
		{3E9AA425-4EA7-4C60-9E76-59C40CB34E65}.Release|Any CPU.ActiveCfg = Release|Any CPU
		{3E9AA425-4EA7-4C60-9E76-59C40CB34E65}.Release|Any CPU.Build.0 = Release|Any CPU
		{D8450F83-CD17-411C-B24B-89BA6ADC8830}.Debug|Any CPU.ActiveCfg = Debug|Any CPU
		{D8450F83-CD17-411C-B24B-89BA6ADC8830}.Debug|Any CPU.Build.0 = Debug|Any CPU
		{D8450F83-CD17-411C-B24B-89BA6ADC8830}.Release|Any CPU.ActiveCfg = Release|Any CPU
		{D8450F83-CD17-411C-B24B-89BA6ADC8830}.Release|Any CPU.Build.0 = Release|Any CPU
		{1DC77768-F914-4788-B4DA-8C2F4AE76B3A}.Debug|Any CPU.ActiveCfg = Debug|Any CPU
		{1DC77768-F914-4788-B4DA-8C2F4AE76B3A}.Debug|Any CPU.Build.0 = Debug|Any CPU
		{1DC77768-F914-4788-B4DA-8C2F4AE76B3A}.Release|Any CPU.ActiveCfg = Release|Any CPU
		{1DC77768-F914-4788-B4DA-8C2F4AE76B3A}.Release|Any CPU.Build.0 = Release|Any CPU
		{398C3C1B-CB46-40DC-B486-675DE8617D05}.Debug|Any CPU.ActiveCfg = Debug|Any CPU
		{398C3C1B-CB46-40DC-B486-675DE8617D05}.Debug|Any CPU.Build.0 = Debug|Any CPU
		{398C3C1B-CB46-40DC-B486-675DE8617D05}.Release|Any CPU.ActiveCfg = Release|Any CPU
		{398C3C1B-CB46-40DC-B486-675DE8617D05}.Release|Any CPU.Build.0 = Release|Any CPU
		{F07B02C1-AB79-4C0B-8443-9B850FD22B62}.Debug|Any CPU.ActiveCfg = Debug|Any CPU
		{F07B02C1-AB79-4C0B-8443-9B850FD22B62}.Debug|Any CPU.Build.0 = Debug|Any CPU
		{F07B02C1-AB79-4C0B-8443-9B850FD22B62}.Release|Any CPU.ActiveCfg = Release|Any CPU
		{F07B02C1-AB79-4C0B-8443-9B850FD22B62}.Release|Any CPU.Build.0 = Release|Any CPU
		{4341ED65-C16F-492C-B274-5D097438A031}.Debug|Any CPU.ActiveCfg = Debug|Any CPU
		{4341ED65-C16F-492C-B274-5D097438A031}.Debug|Any CPU.Build.0 = Debug|Any CPU
		{4341ED65-C16F-492C-B274-5D097438A031}.Release|Any CPU.ActiveCfg = Release|Any CPU
		{4341ED65-C16F-492C-B274-5D097438A031}.Release|Any CPU.Build.0 = Release|Any CPU
		{66865DDB-38EA-4074-81B5-C0ECDD0381F4}.Debug|Any CPU.ActiveCfg = Debug|Any CPU
		{66865DDB-38EA-4074-81B5-C0ECDD0381F4}.Debug|Any CPU.Build.0 = Debug|Any CPU
		{66865DDB-38EA-4074-81B5-C0ECDD0381F4}.Release|Any CPU.ActiveCfg = Release|Any CPU
		{66865DDB-38EA-4074-81B5-C0ECDD0381F4}.Release|Any CPU.Build.0 = Release|Any CPU
		{0AA0C3EC-5C22-43A8-9697-7F710317927C}.Debug|Any CPU.ActiveCfg = Debug|Any CPU
		{0AA0C3EC-5C22-43A8-9697-7F710317927C}.Debug|Any CPU.Build.0 = Debug|Any CPU
		{0AA0C3EC-5C22-43A8-9697-7F710317927C}.Release|Any CPU.ActiveCfg = Release|Any CPU
		{0AA0C3EC-5C22-43A8-9697-7F710317927C}.Release|Any CPU.Build.0 = Release|Any CPU
		{1EFFD879-9529-4959-B755-70E631C253E3}.Debug|Any CPU.ActiveCfg = Debug|Any CPU
		{1EFFD879-9529-4959-B755-70E631C253E3}.Debug|Any CPU.Build.0 = Debug|Any CPU
		{1EFFD879-9529-4959-B755-70E631C253E3}.Release|Any CPU.ActiveCfg = Release|Any CPU
		{1EFFD879-9529-4959-B755-70E631C253E3}.Release|Any CPU.Build.0 = Release|Any CPU
		{90606130-73C9-4BA7-94CF-A80B834ECD6B}.Debug|Any CPU.ActiveCfg = Debug|Any CPU
		{90606130-73C9-4BA7-94CF-A80B834ECD6B}.Debug|Any CPU.Build.0 = Debug|Any CPU
		{90606130-73C9-4BA7-94CF-A80B834ECD6B}.Release|Any CPU.ActiveCfg = Release|Any CPU
		{90606130-73C9-4BA7-94CF-A80B834ECD6B}.Release|Any CPU.Build.0 = Release|Any CPU
		{D989867B-8E45-4958-89CD-E3530ECFCC16}.Debug|Any CPU.ActiveCfg = Debug|Any CPU
		{D989867B-8E45-4958-89CD-E3530ECFCC16}.Debug|Any CPU.Build.0 = Debug|Any CPU
		{D989867B-8E45-4958-89CD-E3530ECFCC16}.Release|Any CPU.ActiveCfg = Release|Any CPU
		{D989867B-8E45-4958-89CD-E3530ECFCC16}.Release|Any CPU.Build.0 = Release|Any CPU
		{BEA77D40-46E0-45F4-8905-AA2AAE735FF4}.Debug|Any CPU.ActiveCfg = Debug|Any CPU
		{BEA77D40-46E0-45F4-8905-AA2AAE735FF4}.Debug|Any CPU.Build.0 = Debug|Any CPU
		{BEA77D40-46E0-45F4-8905-AA2AAE735FF4}.Release|Any CPU.ActiveCfg = Release|Any CPU
		{BEA77D40-46E0-45F4-8905-AA2AAE735FF4}.Release|Any CPU.Build.0 = Release|Any CPU
		{7B4B7A9B-3110-47E6-B313-48A2C10C0346}.Debug|Any CPU.ActiveCfg = Debug|Any CPU
		{7B4B7A9B-3110-47E6-B313-48A2C10C0346}.Debug|Any CPU.Build.0 = Debug|Any CPU
		{7B4B7A9B-3110-47E6-B313-48A2C10C0346}.Release|Any CPU.ActiveCfg = Release|Any CPU
		{7B4B7A9B-3110-47E6-B313-48A2C10C0346}.Release|Any CPU.Build.0 = Release|Any CPU
		{9C20DC5E-259D-4FA5-B2E7-C87D11C5909A}.Debug|Any CPU.ActiveCfg = Debug|Any CPU
		{9C20DC5E-259D-4FA5-B2E7-C87D11C5909A}.Debug|Any CPU.Build.0 = Debug|Any CPU
		{9C20DC5E-259D-4FA5-B2E7-C87D11C5909A}.Release|Any CPU.ActiveCfg = Release|Any CPU
		{9C20DC5E-259D-4FA5-B2E7-C87D11C5909A}.Release|Any CPU.Build.0 = Release|Any CPU
	EndGlobalSection
	GlobalSection(SolutionProperties) = preSolution
		HideSolutionNode = FALSE
	EndGlobalSection
	GlobalSection(NestedProjects) = preSolution
		{C7432413-77C0-4C79-B572-E49A2072EF72} = {2337F546-B056-4710-BDB4-A63686894FC3}
		{4AACD133-9A8F-4E2D-ABC1-89A7EB191CC6} = {2337F546-B056-4710-BDB4-A63686894FC3}
		{BDB33417-D8CC-4BC1-915E-13AF799F02A9} = {4AACD133-9A8F-4E2D-ABC1-89A7EB191CC6}
		{8AFDDA22-36E9-4E29-A6A5-1B29C638E4F5} = {4AACD133-9A8F-4E2D-ABC1-89A7EB191CC6}
		{738A2FCA-32D0-4393-9615-7CAE664F5078} = {4AACD133-9A8F-4E2D-ABC1-89A7EB191CC6}
		{A6EAE81F-B640-42DC-8D16-88734A6EE789} = {2337F546-B056-4710-BDB4-A63686894FC3}
		{7DE6FFD2-4FA5-46E6-9C24-82676D98A088} = {A6EAE81F-B640-42DC-8D16-88734A6EE789}
		{AD693A7E-CD7E-4D64-9F58-0451D237B825} = {A6EAE81F-B640-42DC-8D16-88734A6EE789}
		{2E3FEECA-78B6-463E-8A35-AA30A94F9D75} = {2337F546-B056-4710-BDB4-A63686894FC3}
		{4155E476-B15D-4ED8-889E-9E2EADD82E4F} = {2E3FEECA-78B6-463E-8A35-AA30A94F9D75}
		{51E3EFA5-4F21-45B8-ABF0-D246DEF26A6E} = {2E3FEECA-78B6-463E-8A35-AA30A94F9D75}
		{DDD0CFC8-E88F-4BAD-A631-C0A95B312DA7} = {2E3FEECA-78B6-463E-8A35-AA30A94F9D75}
		{6C2A962C-9F0E-43B9-95EA-E8BA1C6448FC} = {C7432413-77C0-4C79-B572-E49A2072EF72}
		{3E9AA425-4EA7-4C60-9E76-59C40CB34E65} = {C7432413-77C0-4C79-B572-E49A2072EF72}
		{D8450F83-CD17-411C-B24B-89BA6ADC8830} = {C7432413-77C0-4C79-B572-E49A2072EF72}
		{DEB90CEE-0BCB-46D8-BD64-FA06177C292E} = {2337F546-B056-4710-BDB4-A63686894FC3}
		{398C3C1B-CB46-40DC-B486-675DE8617D05} = {DEB90CEE-0BCB-46D8-BD64-FA06177C292E}
		{F07B02C1-AB79-4C0B-8443-9B850FD22B62} = {DEB90CEE-0BCB-46D8-BD64-FA06177C292E}
		{4341ED65-C16F-492C-B274-5D097438A031} = {DEB90CEE-0BCB-46D8-BD64-FA06177C292E}
		{DA3FB718-B95E-4B50-AE39-51875E812CB0} = {2337F546-B056-4710-BDB4-A63686894FC3}
		{66865DDB-38EA-4074-81B5-C0ECDD0381F4} = {DA3FB718-B95E-4B50-AE39-51875E812CB0}
		{0AA0C3EC-5C22-43A8-9697-7F710317927C} = {DA3FB718-B95E-4B50-AE39-51875E812CB0}
		{1EFFD879-9529-4959-B755-70E631C253E3} = {DA3FB718-B95E-4B50-AE39-51875E812CB0}
		{90606130-73C9-4BA7-94CF-A80B834ECD6B} = {DA3FB718-B95E-4B50-AE39-51875E812CB0}
		{D989867B-8E45-4958-89CD-E3530ECFCC16} = {6538F367-4B9F-484A-A3CD-0C2BCE1F9DA6}
		{6538F367-4B9F-484A-A3CD-0C2BCE1F9DA6} = {2337F546-B056-4710-BDB4-A63686894FC3}
		{BEA77D40-46E0-45F4-8905-AA2AAE735FF4} = {6538F367-4B9F-484A-A3CD-0C2BCE1F9DA6}
		{7B4B7A9B-3110-47E6-B313-48A2C10C0346} = {6538F367-4B9F-484A-A3CD-0C2BCE1F9DA6}
		{9C20DC5E-259D-4FA5-B2E7-C87D11C5909A} = {6538F367-4B9F-484A-A3CD-0C2BCE1F9DA6}
	EndGlobalSection
	GlobalSection(ExtensibilityGlobals) = postSolution
		SolutionGuid = {76921467-FEB5-4CAB-B402-FC547B8CD260}
	EndGlobalSection
EndGlobal
